github.com/dlclark/regexp2 v1.9.0 h1:pTK/l/3qYIKaRXuHnEnIf7Y5NxfRPfpb7dis6/gdlVI=
github.com/dlclark/regexp2 v1.9.0/go.mod h1:DHkYz0B9wPfa6wondMfaivmHpzrQ3v9q8cnmRbL6yW8=
github.com/tiktoken-go/tokenizer v0.1.0 h1:c1fXriHSR/NmhMDTwUDLGiNhHwTV+ElABGvqhCWLRvY=
github.com/tiktoken-go/tokenizer v0.1.0/go.mod h1:7SZW3pZUKWLJRilTvWCa86TOVIiiJhYj3FQ5V3alWcg=
golang.org/x/time v0.3.0 h1:rg5rLMjNzMS1RkNLzCG38eapWhnYLFYXDXj2gOlr8j4=
golang.org/x/time v0.3.0/go.mod h1:tRJNPiyCQ0inRvYxbN9jk5I+vvW/OXSQhTDSoE431IQ=
